// !$*UTF8*$!
{
	archiveVersion = 1;
	classes = {
	};
	objectVersion = 55;
	objects = {

/* Begin PBXBuildFile section */
		D6FECDD7909A5EE88D6714C9 /* Pods_Spotify.framework in Frameworks */ = {isa = PBXBuildFile; fileRef = 03110E3FDE3D8FBF804E1C23 /* Pods_Spotify.framework */; };
		DF05988527CD45F900A62E7D /* AppDelegate.swift in Sources */ = {isa = PBXBuildFile; fileRef = DF05988427CD45F900A62E7D /* AppDelegate.swift */; };
		DF05988727CD45F900A62E7D /* SceneDelegate.swift in Sources */ = {isa = PBXBuildFile; fileRef = DF05988627CD45F900A62E7D /* SceneDelegate.swift */; };
		DF05988927CD45F900A62E7D /* HomeViewController.swift in Sources */ = {isa = PBXBuildFile; fileRef = DF05988827CD45F900A62E7D /* HomeViewController.swift */; };
		DF05988E27CD45F900A62E7D /* Assets.xcassets in Resources */ = {isa = PBXBuildFile; fileRef = DF05988D27CD45F900A62E7D /* Assets.xcassets */; };
		DF05989127CD45F900A62E7D /* LaunchScreen.storyboard in Resources */ = {isa = PBXBuildFile; fileRef = DF05988F27CD45F900A62E7D /* LaunchScreen.storyboard */; };
		DF05989F27CD495E00A62E7D /* TabBarViewController.swift in Sources */ = {isa = PBXBuildFile; fileRef = DF05989E27CD495E00A62E7D /* TabBarViewController.swift */; };
		DF0598A127CD49AF00A62E7D /* SearchViewController.swift in Sources */ = {isa = PBXBuildFile; fileRef = DF0598A027CD49AF00A62E7D /* SearchViewController.swift */; };
		DF0598A327CD49E300A62E7D /* LibraryViewController.swift in Sources */ = {isa = PBXBuildFile; fileRef = DF0598A227CD49E300A62E7D /* LibraryViewController.swift */; };
		DF0598A827CD4A7300A62E7D /* AuthViewController.swift in Sources */ = {isa = PBXBuildFile; fileRef = DF0598A727CD4A7300A62E7D /* AuthViewController.swift */; };
		DF0598AA27CD4A8C00A62E7D /* WelcomeViewController.swift in Sources */ = {isa = PBXBuildFile; fileRef = DF0598A927CD4A8C00A62E7D /* WelcomeViewController.swift */; };
		DF0598AC27CD4AB000A62E7D /* SettingsViewController.swift in Sources */ = {isa = PBXBuildFile; fileRef = DF0598AB27CD4AB000A62E7D /* SettingsViewController.swift */; };
		DF0598AE27CD4ACB00A62E7D /* ProfileViewController.swift in Sources */ = {isa = PBXBuildFile; fileRef = DF0598AD27CD4ACB00A62E7D /* ProfileViewController.swift */; };
		DF0598B027CD4AE000A62E7D /* PlayerViewController.swift in Sources */ = {isa = PBXBuildFile; fileRef = DF0598AF27CD4AE000A62E7D /* PlayerViewController.swift */; };
		DF0598B227CD4AF600A62E7D /* PlaylistViewController.swift in Sources */ = {isa = PBXBuildFile; fileRef = DF0598B127CD4AF600A62E7D /* PlaylistViewController.swift */; };
		DF0598B427CD4B1600A62E7D /* SearchResultsViewController.swift in Sources */ = {isa = PBXBuildFile; fileRef = DF0598B327CD4B1600A62E7D /* SearchResultsViewController.swift */; };
		DF0598B627CD4BA500A62E7D /* AuthManager.swift in Sources */ = {isa = PBXBuildFile; fileRef = DF0598B527CD4BA500A62E7D /* AuthManager.swift */; };
		DF0598B827CD4BBE00A62E7D /* APICaller.swift in Sources */ = {isa = PBXBuildFile; fileRef = DF0598B727CD4BBE00A62E7D /* APICaller.swift */; };
		DF0598BA27CD4BEB00A62E7D /* HapticsManager.swift in Sources */ = {isa = PBXBuildFile; fileRef = DF0598B927CD4BEB00A62E7D /* HapticsManager.swift */; };
		DF0598BC27CD4C0C00A62E7D /* Playlist.swift in Sources */ = {isa = PBXBuildFile; fileRef = DF0598BB27CD4C0C00A62E7D /* Playlist.swift */; };
		DF0598BE27CD4C2100A62E7D /* AudioTrack.swift in Sources */ = {isa = PBXBuildFile; fileRef = DF0598BD27CD4C2100A62E7D /* AudioTrack.swift */; };
		DF0598C027CD4C3A00A62E7D /* Artist.swift in Sources */ = {isa = PBXBuildFile; fileRef = DF0598BF27CD4C3A00A62E7D /* Artist.swift */; };
		DF0598C227CD4C4F00A62E7D /* UserProfile.swift in Sources */ = {isa = PBXBuildFile; fileRef = DF0598C127CD4C4F00A62E7D /* UserProfile.swift */; };
		DF0E405A27DD1E3E00D81327 /* NewReleasesCellViewModel.swift in Sources */ = {isa = PBXBuildFile; fileRef = DF0E405927DD1E3E00D81327 /* NewReleasesCellViewModel.swift */; };
		DF14C5F927D778BF0028A2AA /* SettingsModels.swift in Sources */ = {isa = PBXBuildFile; fileRef = DF14C5F827D778BF0028A2AA /* SettingsModels.swift */; };
		DF16653227CE908D0034EF4A /* Extension.swift in Sources */ = {isa = PBXBuildFile; fileRef = DF16653127CE908D0034EF4A /* Extension.swift */; };
		DF5BB81B27DFAD5400F1A770 /* FeaturedPlaylistCellViewModel.swift in Sources */ = {isa = PBXBuildFile; fileRef = DF5BB81A27DFAD5400F1A770 /* FeaturedPlaylistCellViewModel.swift */; };
		DF5BB81F27DFAE5D00F1A770 /* RecommendedTrackCellViewModel.swift in Sources */ = {isa = PBXBuildFile; fileRef = DF5BB81E27DFAE5D00F1A770 /* RecommendedTrackCellViewModel.swift */; };
		DF61E8A827E0DBB300238FEC /* AlbumViewController.swift in Sources */ = {isa = PBXBuildFile; fileRef = DF61E8A727E0DBB300238FEC /* AlbumViewController.swift */; };
		DF61E8AA27E0E35B00238FEC /* AlbumDetailsResponse.swift in Sources */ = {isa = PBXBuildFile; fileRef = DF61E8A927E0E35B00238FEC /* AlbumDetailsResponse.swift */; };
		DF61E8AC27E0E9FD00238FEC /* PlaylistDetailsResponse.swift in Sources */ = {isa = PBXBuildFile; fileRef = DF61E8AB27E0E9FD00238FEC /* PlaylistDetailsResponse.swift */; };
		DF686B9C27DBD92000B8C8AC /* RecommendationsResponse.swift in Sources */ = {isa = PBXBuildFile; fileRef = DF686B9B27DBD92000B8C8AC /* RecommendationsResponse.swift */; };
		DF7C365027DCBBE90011D1A2 /* NewReleaseCollectionViewCell.swift in Sources */ = {isa = PBXBuildFile; fileRef = DF7C364F27DCBBE90011D1A2 /* NewReleaseCollectionViewCell.swift */; };
		DF7C365227DCBC170011D1A2 /* FeaturedPlaylistsCollectionViewCell.swift in Sources */ = {isa = PBXBuildFile; fileRef = DF7C365127DCBC170011D1A2 /* FeaturedPlaylistsCollectionViewCell.swift */; };
		DF7C365427DCBC2C0011D1A2 /* RecommendedTracksCollectionViewCell.swift in Sources */ = {isa = PBXBuildFile; fileRef = DF7C365327DCBC2C0011D1A2 /* RecommendedTracksCollectionViewCell.swift */; };
		DFAEC06727D9328400290563 /* RecommendedGenresResponse.swift in Sources */ = {isa = PBXBuildFile; fileRef = DFAEC06627D9328400290563 /* RecommendedGenresResponse.swift */; };
		DFBBBEC727D00AF000872960 /* AuthResponse.swift in Sources */ = {isa = PBXBuildFile; fileRef = DFBBBEC627D00AF000872960 /* AuthResponse.swift */; };
		DFDB647427D91B23000B6D2E /* NewReleasesResponse.swift in Sources */ = {isa = PBXBuildFile; fileRef = DFDB647327D91B23000B6D2E /* NewReleasesResponse.swift */; };
		DFDB647827D91D40000B6D2E /* APIImage.swift in Sources */ = {isa = PBXBuildFile; fileRef = DFDB647727D91D40000B6D2E /* APIImage.swift */; };
		DFDB647A27D922E5000B6D2E /* FeaturedPlaylistsResponse.swift in Sources */ = {isa = PBXBuildFile; fileRef = DFDB647927D922E5000B6D2E /* FeaturedPlaylistsResponse.swift */; };
/* End PBXBuildFile section */

/* Begin PBXFileReference section */
		03110E3FDE3D8FBF804E1C23 /* Pods_Spotify.framework */ = {isa = PBXFileReference; explicitFileType = wrapper.framework; includeInIndex = 0; path = Pods_Spotify.framework; sourceTree = BUILT_PRODUCTS_DIR; };
		9072F47EA43EA064BFFC0C3C /* Pods-Spotify.debug.xcconfig */ = {isa = PBXFileReference; includeInIndex = 1; lastKnownFileType = text.xcconfig; name = "Pods-Spotify.debug.xcconfig"; path = "Target Support Files/Pods-Spotify/Pods-Spotify.debug.xcconfig"; sourceTree = "<group>"; };
		BF450E9135CD29610DAE9EE6 /* Pods-Spotify.release.xcconfig */ = {isa = PBXFileReference; includeInIndex = 1; lastKnownFileType = text.xcconfig; name = "Pods-Spotify.release.xcconfig"; path = "Target Support Files/Pods-Spotify/Pods-Spotify.release.xcconfig"; sourceTree = "<group>"; };
		DF05988127CD45F900A62E7D /* Spotify.app */ = {isa = PBXFileReference; explicitFileType = wrapper.application; includeInIndex = 0; path = Spotify.app; sourceTree = BUILT_PRODUCTS_DIR; };
		DF05988427CD45F900A62E7D /* AppDelegate.swift */ = {isa = PBXFileReference; lastKnownFileType = sourcecode.swift; path = AppDelegate.swift; sourceTree = "<group>"; };
		DF05988627CD45F900A62E7D /* SceneDelegate.swift */ = {isa = PBXFileReference; lastKnownFileType = sourcecode.swift; path = SceneDelegate.swift; sourceTree = "<group>"; };
		DF05988827CD45F900A62E7D /* HomeViewController.swift */ = {isa = PBXFileReference; lastKnownFileType = sourcecode.swift; path = HomeViewController.swift; sourceTree = "<group>"; };
		DF05988D27CD45F900A62E7D /* Assets.xcassets */ = {isa = PBXFileReference; lastKnownFileType = folder.assetcatalog; path = Assets.xcassets; sourceTree = "<group>"; };
		DF05989027CD45F900A62E7D /* Base */ = {isa = PBXFileReference; lastKnownFileType = file.storyboard; name = Base; path = Base.lproj/LaunchScreen.storyboard; sourceTree = "<group>"; };
		DF05989227CD45F900A62E7D /* Info.plist */ = {isa = PBXFileReference; lastKnownFileType = text.plist.xml; path = Info.plist; sourceTree = "<group>"; };
		DF05989E27CD495E00A62E7D /* TabBarViewController.swift */ = {isa = PBXFileReference; lastKnownFileType = sourcecode.swift; path = TabBarViewController.swift; sourceTree = "<group>"; };
		DF0598A027CD49AF00A62E7D /* SearchViewController.swift */ = {isa = PBXFileReference; lastKnownFileType = sourcecode.swift; path = SearchViewController.swift; sourceTree = "<group>"; };
		DF0598A227CD49E300A62E7D /* LibraryViewController.swift */ = {isa = PBXFileReference; lastKnownFileType = sourcecode.swift; path = LibraryViewController.swift; sourceTree = "<group>"; };
		DF0598A727CD4A7300A62E7D /* AuthViewController.swift */ = {isa = PBXFileReference; lastKnownFileType = sourcecode.swift; path = AuthViewController.swift; sourceTree = "<group>"; };
		DF0598A927CD4A8C00A62E7D /* WelcomeViewController.swift */ = {isa = PBXFileReference; lastKnownFileType = sourcecode.swift; path = WelcomeViewController.swift; sourceTree = "<group>"; };
		DF0598AB27CD4AB000A62E7D /* SettingsViewController.swift */ = {isa = PBXFileReference; lastKnownFileType = sourcecode.swift; path = SettingsViewController.swift; sourceTree = "<group>"; };
		DF0598AD27CD4ACB00A62E7D /* ProfileViewController.swift */ = {isa = PBXFileReference; lastKnownFileType = sourcecode.swift; path = ProfileViewController.swift; sourceTree = "<group>"; };
		DF0598AF27CD4AE000A62E7D /* PlayerViewController.swift */ = {isa = PBXFileReference; lastKnownFileType = sourcecode.swift; path = PlayerViewController.swift; sourceTree = "<group>"; };
		DF0598B127CD4AF600A62E7D /* PlaylistViewController.swift */ = {isa = PBXFileReference; lastKnownFileType = sourcecode.swift; path = PlaylistViewController.swift; sourceTree = "<group>"; };
		DF0598B327CD4B1600A62E7D /* SearchResultsViewController.swift */ = {isa = PBXFileReference; lastKnownFileType = sourcecode.swift; path = SearchResultsViewController.swift; sourceTree = "<group>"; };
		DF0598B527CD4BA500A62E7D /* AuthManager.swift */ = {isa = PBXFileReference; lastKnownFileType = sourcecode.swift; path = AuthManager.swift; sourceTree = "<group>"; };
		DF0598B727CD4BBE00A62E7D /* APICaller.swift */ = {isa = PBXFileReference; lastKnownFileType = sourcecode.swift; path = APICaller.swift; sourceTree = "<group>"; };
		DF0598B927CD4BEB00A62E7D /* HapticsManager.swift */ = {isa = PBXFileReference; lastKnownFileType = sourcecode.swift; path = HapticsManager.swift; sourceTree = "<group>"; };
		DF0598BB27CD4C0C00A62E7D /* Playlist.swift */ = {isa = PBXFileReference; lastKnownFileType = sourcecode.swift; path = Playlist.swift; sourceTree = "<group>"; };
		DF0598BD27CD4C2100A62E7D /* AudioTrack.swift */ = {isa = PBXFileReference; lastKnownFileType = sourcecode.swift; path = AudioTrack.swift; sourceTree = "<group>"; };
		DF0598BF27CD4C3A00A62E7D /* Artist.swift */ = {isa = PBXFileReference; lastKnownFileType = sourcecode.swift; path = Artist.swift; sourceTree = "<group>"; };
		DF0598C127CD4C4F00A62E7D /* UserProfile.swift */ = {isa = PBXFileReference; lastKnownFileType = sourcecode.swift; path = UserProfile.swift; sourceTree = "<group>"; };
		DF0E405927DD1E3E00D81327 /* NewReleasesCellViewModel.swift */ = {isa = PBXFileReference; lastKnownFileType = sourcecode.swift; path = NewReleasesCellViewModel.swift; sourceTree = "<group>"; };
		DF14C5F827D778BF0028A2AA /* SettingsModels.swift */ = {isa = PBXFileReference; lastKnownFileType = sourcecode.swift; path = SettingsModels.swift; sourceTree = "<group>"; };
		DF16653127CE908D0034EF4A /* Extension.swift */ = {isa = PBXFileReference; lastKnownFileType = sourcecode.swift; path = Extension.swift; sourceTree = "<group>"; };
		DF5BB81A27DFAD5400F1A770 /* FeaturedPlaylistCellViewModel.swift */ = {isa = PBXFileReference; lastKnownFileType = sourcecode.swift; path = FeaturedPlaylistCellViewModel.swift; sourceTree = "<group>"; };
		DF5BB81E27DFAE5D00F1A770 /* RecommendedTrackCellViewModel.swift */ = {isa = PBXFileReference; lastKnownFileType = sourcecode.swift; path = RecommendedTrackCellViewModel.swift; sourceTree = "<group>"; };
		DF61E8A727E0DBB300238FEC /* AlbumViewController.swift */ = {isa = PBXFileReference; lastKnownFileType = sourcecode.swift; path = AlbumViewController.swift; sourceTree = "<group>"; };
		DF61E8A927E0E35B00238FEC /* AlbumDetailsResponse.swift */ = {isa = PBXFileReference; lastKnownFileType = sourcecode.swift; path = AlbumDetailsResponse.swift; sourceTree = "<group>"; };
		DF61E8AB27E0E9FD00238FEC /* PlaylistDetailsResponse.swift */ = {isa = PBXFileReference; lastKnownFileType = sourcecode.swift; path = PlaylistDetailsResponse.swift; sourceTree = "<group>"; };
		DF686B9B27DBD92000B8C8AC /* RecommendationsResponse.swift */ = {isa = PBXFileReference; lastKnownFileType = sourcecode.swift; path = RecommendationsResponse.swift; sourceTree = "<group>"; };
		DF7C364F27DCBBE90011D1A2 /* NewReleaseCollectionViewCell.swift */ = {isa = PBXFileReference; lastKnownFileType = sourcecode.swift; path = NewReleaseCollectionViewCell.swift; sourceTree = "<group>"; };
		DF7C365127DCBC170011D1A2 /* FeaturedPlaylistsCollectionViewCell.swift */ = {isa = PBXFileReference; lastKnownFileType = sourcecode.swift; path = FeaturedPlaylistsCollectionViewCell.swift; sourceTree = "<group>"; };
		DF7C365327DCBC2C0011D1A2 /* RecommendedTracksCollectionViewCell.swift */ = {isa = PBXFileReference; lastKnownFileType = sourcecode.swift; path = RecommendedTracksCollectionViewCell.swift; sourceTree = "<group>"; };
		DFAEC06627D9328400290563 /* RecommendedGenresResponse.swift */ = {isa = PBXFileReference; lastKnownFileType = sourcecode.swift; path = RecommendedGenresResponse.swift; sourceTree = "<group>"; };
		DFBBBEC627D00AF000872960 /* AuthResponse.swift */ = {isa = PBXFileReference; lastKnownFileType = sourcecode.swift; path = AuthResponse.swift; sourceTree = "<group>"; };
		DFDB647327D91B23000B6D2E /* NewReleasesResponse.swift */ = {isa = PBXFileReference; lastKnownFileType = sourcecode.swift; path = NewReleasesResponse.swift; sourceTree = "<group>"; };
		DFDB647727D91D40000B6D2E /* APIImage.swift */ = {isa = PBXFileReference; lastKnownFileType = sourcecode.swift; path = APIImage.swift; sourceTree = "<group>"; };
		DFDB647927D922E5000B6D2E /* FeaturedPlaylistsResponse.swift */ = {isa = PBXFileReference; lastKnownFileType = sourcecode.swift; path = FeaturedPlaylistsResponse.swift; sourceTree = "<group>"; };
/* End PBXFileReference section */

/* Begin PBXFrameworksBuildPhase section */
		DF05987E27CD45F800A62E7D /* Frameworks */ = {
			isa = PBXFrameworksBuildPhase;
			buildActionMask = 2147483647;
			files = (
				D6FECDD7909A5EE88D6714C9 /* Pods_Spotify.framework in Frameworks */,
			);
			runOnlyForDeploymentPostprocessing = 0;
		};
/* End PBXFrameworksBuildPhase section */

/* Begin PBXGroup section */
		AC12AFBE61BC034FA6DDD2CA /* Pods */ = {
			isa = PBXGroup;
			children = (
				9072F47EA43EA064BFFC0C3C /* Pods-Spotify.debug.xcconfig */,
				BF450E9135CD29610DAE9EE6 /* Pods-Spotify.release.xcconfig */,
			);
			path = Pods;
			sourceTree = "<group>";
		};
		DE9FE4BCAEDE19F443DB0329 /* Frameworks */ = {
			isa = PBXGroup;
			children = (
				03110E3FDE3D8FBF804E1C23 /* Pods_Spotify.framework */,
			);
			name = Frameworks;
			sourceTree = "<group>";
		};
		DF05987827CD45F800A62E7D = {
			isa = PBXGroup;
			children = (
				DF05988327CD45F900A62E7D /* Spotify */,
				DF05988227CD45F900A62E7D /* Products */,
				AC12AFBE61BC034FA6DDD2CA /* Pods */,
				DE9FE4BCAEDE19F443DB0329 /* Frameworks */,
			);
			sourceTree = "<group>";
		};
		DF05988227CD45F900A62E7D /* Products */ = {
			isa = PBXGroup;
			children = (
				DF05988127CD45F900A62E7D /* Spotify.app */,
			);
			name = Products;
			sourceTree = "<group>";
		};
		DF05988327CD45F900A62E7D /* Spotify */ = {
			isa = PBXGroup;
			children = (
				DF05989D27CD46A100A62E7D /* Resources */,
				DF05989C27CD468C00A62E7D /* Managers */,
				DF05989B27CD466F00A62E7D /* ViewModels */,
				DF05989A27CD465700A62E7D /* Models */,
				DF05989927CD465100A62E7D /* Views */,
				DF05989827CD463900A62E7D /* Controllers */,
				DF05989227CD45F900A62E7D /* Info.plist */,
			);
			path = Spotify;
			sourceTree = "<group>";
		};
		DF05989827CD463900A62E7D /* Controllers */ = {
			isa = PBXGroup;
			children = (
				DF0598A627CD4A5200A62E7D /* Other */,
				DF0598A527CD4A3E00A62E7D /* Core */,
			);
			path = Controllers;
			sourceTree = "<group>";
		};
		DF05989927CD465100A62E7D /* Views */ = {
			isa = PBXGroup;
			children = (
				DF7C364E27DCBBB30011D1A2 /* Browse */,
				DF05988F27CD45F900A62E7D /* LaunchScreen.storyboard */,
			);
			path = Views;
			sourceTree = "<group>";
		};
		DF05989A27CD465700A62E7D /* Models */ = {
			isa = PBXGroup;
			children = (
				DF0598BB27CD4C0C00A62E7D /* Playlist.swift */,
				DF0598BD27CD4C2100A62E7D /* AudioTrack.swift */,
				DFDB647927D922E5000B6D2E /* FeaturedPlaylistsResponse.swift */,
				DF0598BF27CD4C3A00A62E7D /* Artist.swift */,
				DF0598C127CD4C4F00A62E7D /* UserProfile.swift */,
				DFBBBEC627D00AF000872960 /* AuthResponse.swift */,
				DF14C5F827D778BF0028A2AA /* SettingsModels.swift */,
				DFDB647727D91D40000B6D2E /* APIImage.swift */,
				DFDB647327D91B23000B6D2E /* NewReleasesResponse.swift */,
				DFAEC06627D9328400290563 /* RecommendedGenresResponse.swift */,
				DF686B9B27DBD92000B8C8AC /* RecommendationsResponse.swift */,
				DF61E8A927E0E35B00238FEC /* AlbumDetailsResponse.swift */,
				DF61E8AB27E0E9FD00238FEC /* PlaylistDetailsResponse.swift */,
			);
			path = Models;
			sourceTree = "<group>";
		};
		DF05989B27CD466F00A62E7D /* ViewModels */ = {
			isa = PBXGroup;
			children = (
				DF0E405927DD1E3E00D81327 /* NewReleasesCellViewModel.swift */,
				DF5BB81A27DFAD5400F1A770 /* FeaturedPlaylistCellViewModel.swift */,
				DF5BB81E27DFAE5D00F1A770 /* RecommendedTrackCellViewModel.swift */,
			);
			path = ViewModels;
			sourceTree = "<group>";
		};
		DF05989C27CD468C00A62E7D /* Managers */ = {
			isa = PBXGroup;
			children = (
				DF0598B527CD4BA500A62E7D /* AuthManager.swift */,
				DF0598B727CD4BBE00A62E7D /* APICaller.swift */,
				DF0598B927CD4BEB00A62E7D /* HapticsManager.swift */,
			);
			path = Managers;
			sourceTree = "<group>";
		};
		DF05989D27CD46A100A62E7D /* Resources */ = {
			isa = PBXGroup;
			children = (
				DF05988427CD45F900A62E7D /* AppDelegate.swift */,
				DF05988627CD45F900A62E7D /* SceneDelegate.swift */,
				DF05988D27CD45F900A62E7D /* Assets.xcassets */,
				DF16653127CE908D0034EF4A /* Extension.swift */,
			);
			path = Resources;
			sourceTree = "<group>";
		};
		DF0598A527CD4A3E00A62E7D /* Core */ = {
			isa = PBXGroup;
			children = (
				DF05988827CD45F900A62E7D /* HomeViewController.swift */,
				DF05989E27CD495E00A62E7D /* TabBarViewController.swift */,
				DF0598A027CD49AF00A62E7D /* SearchViewController.swift */,
				DF0598A227CD49E300A62E7D /* LibraryViewController.swift */,
			);
			path = Core;
			sourceTree = "<group>";
		};
		DF0598A627CD4A5200A62E7D /* Other */ = {
			isa = PBXGroup;
			children = (
				DF0598A727CD4A7300A62E7D /* AuthViewController.swift */,
				DF0598A927CD4A8C00A62E7D /* WelcomeViewController.swift */,
				DF0598AB27CD4AB000A62E7D /* SettingsViewController.swift */,
				DF0598AD27CD4ACB00A62E7D /* ProfileViewController.swift */,
				DF0598AF27CD4AE000A62E7D /* PlayerViewController.swift */,
				DF0598B127CD4AF600A62E7D /* PlaylistViewController.swift */,
				DF0598B327CD4B1600A62E7D /* SearchResultsViewController.swift */,
				DF61E8A727E0DBB300238FEC /* AlbumViewController.swift */,
			);
			path = Other;
			sourceTree = "<group>";
		};
		DF7C364E27DCBBB30011D1A2 /* Browse */ = {
			isa = PBXGroup;
			children = (
				DF7C364F27DCBBE90011D1A2 /* NewReleaseCollectionViewCell.swift */,
				DF7C365127DCBC170011D1A2 /* FeaturedPlaylistsCollectionViewCell.swift */,
				DF7C365327DCBC2C0011D1A2 /* RecommendedTracksCollectionViewCell.swift */,
			);
			path = Browse;
			sourceTree = "<group>";
		};
/* End PBXGroup section */

/* Begin PBXNativeTarget section */
		DF05988027CD45F800A62E7D /* Spotify */ = {
			isa = PBXNativeTarget;
			buildConfigurationList = DF05989527CD45F900A62E7D /* Build configuration list for PBXNativeTarget "Spotify" */;
			buildPhases = (
				433D9ED50250BE3C0C168773 /* [CP] Check Pods Manifest.lock */,
				DF05987D27CD45F800A62E7D /* Sources */,
				DF05987E27CD45F800A62E7D /* Frameworks */,
				DF05987F27CD45F800A62E7D /* Resources */,
				CBDBE86E308AFEEB306B489B /* [CP] Embed Pods Frameworks */,
			);
			buildRules = (
			);
			dependencies = (
			);
			name = Spotify;
			productName = Spotify;
			productReference = DF05988127CD45F900A62E7D /* Spotify.app */;
			productType = "com.apple.product-type.application";
		};
/* End PBXNativeTarget section */

/* Begin PBXProject section */
		DF05987927CD45F800A62E7D /* Project object */ = {
			isa = PBXProject;
			attributes = {
				BuildIndependentTargetsInParallel = 1;
				LastSwiftUpdateCheck = 1320;
				LastUpgradeCheck = 1320;
				TargetAttributes = {
					DF05988027CD45F800A62E7D = {
						CreatedOnToolsVersion = 13.2.1;
					};
				};
			};
			buildConfigurationList = DF05987C27CD45F800A62E7D /* Build configuration list for PBXProject "Spotify" */;
			compatibilityVersion = "Xcode 13.0";
			developmentRegion = en;
			hasScannedForEncodings = 0;
			knownRegions = (
				en,
				Base,
			);
			mainGroup = DF05987827CD45F800A62E7D;
			productRefGroup = DF05988227CD45F900A62E7D /* Products */;
			projectDirPath = "";
			projectRoot = "";
			targets = (
				DF05988027CD45F800A62E7D /* Spotify */,
			);
		};
/* End PBXProject section */

/* Begin PBXResourcesBuildPhase section */
		DF05987F27CD45F800A62E7D /* Resources */ = {
			isa = PBXResourcesBuildPhase;
			buildActionMask = 2147483647;
			files = (
				DF05989127CD45F900A62E7D /* LaunchScreen.storyboard in Resources */,
				DF05988E27CD45F900A62E7D /* Assets.xcassets in Resources */,
			);
			runOnlyForDeploymentPostprocessing = 0;
		};
/* End PBXResourcesBuildPhase section */

/* Begin PBXShellScriptBuildPhase section */
		433D9ED50250BE3C0C168773 /* [CP] Check Pods Manifest.lock */ = {
			isa = PBXShellScriptBuildPhase;
			buildActionMask = 2147483647;
			files = (
			);
			inputFileListPaths = (
			);
			inputPaths = (
				"${PODS_PODFILE_DIR_PATH}/Podfile.lock",
				"${PODS_ROOT}/Manifest.lock",
			);
			name = "[CP] Check Pods Manifest.lock";
			outputFileListPaths = (
			);
			outputPaths = (
				"$(DERIVED_FILE_DIR)/Pods-Spotify-checkManifestLockResult.txt",
			);
			runOnlyForDeploymentPostprocessing = 0;
			shellPath = /bin/sh;
			shellScript = "diff \"${PODS_PODFILE_DIR_PATH}/Podfile.lock\" \"${PODS_ROOT}/Manifest.lock\" > /dev/null\nif [ $? != 0 ] ; then\n    # print error to STDERR\n    echo \"error: The sandbox is not in sync with the Podfile.lock. Run 'pod install' or update your CocoaPods installation.\" >&2\n    exit 1\nfi\n# This output is used by Xcode 'outputs' to avoid re-running this script phase.\necho \"SUCCESS\" > \"${SCRIPT_OUTPUT_FILE_0}\"\n";
			showEnvVarsInLog = 0;
		};
		CBDBE86E308AFEEB306B489B /* [CP] Embed Pods Frameworks */ = {
			isa = PBXShellScriptBuildPhase;
			buildActionMask = 2147483647;
			files = (
			);
			inputFileListPaths = (
				"${PODS_ROOT}/Target Support Files/Pods-Spotify/Pods-Spotify-frameworks-${CONFIGURATION}-input-files.xcfilelist",
			);
			name = "[CP] Embed Pods Frameworks";
			outputFileListPaths = (
				"${PODS_ROOT}/Target Support Files/Pods-Spotify/Pods-Spotify-frameworks-${CONFIGURATION}-output-files.xcfilelist",
			);
			runOnlyForDeploymentPostprocessing = 0;
			shellPath = /bin/sh;
			shellScript = "\"${PODS_ROOT}/Target Support Files/Pods-Spotify/Pods-Spotify-frameworks.sh\"\n";
			showEnvVarsInLog = 0;
		};
/* End PBXShellScriptBuildPhase section */

/* Begin PBXSourcesBuildPhase section */
		DF05987D27CD45F800A62E7D /* Sources */ = {
			isa = PBXSourcesBuildPhase;
			buildActionMask = 2147483647;
			files = (
				DF0598A127CD49AF00A62E7D /* SearchViewController.swift in Sources */,
				DF61E8AC27E0E9FD00238FEC /* PlaylistDetailsResponse.swift in Sources */,
				DF7C365427DCBC2C0011D1A2 /* RecommendedTracksCollectionViewCell.swift in Sources */,
				DF0598BC27CD4C0C00A62E7D /* Playlist.swift in Sources */,
				DF0E405A27DD1E3E00D81327 /* NewReleasesCellViewModel.swift in Sources */,
				DF5BB81F27DFAE5D00F1A770 /* RecommendedTrackCellViewModel.swift in Sources */,
				DF0598B627CD4BA500A62E7D /* AuthManager.swift in Sources */,
				DF61E8A827E0DBB300238FEC /* AlbumViewController.swift in Sources */,
				DF5BB81B27DFAD5400F1A770 /* FeaturedPlaylistCellViewModel.swift in Sources */,
				DF0598AA27CD4A8C00A62E7D /* WelcomeViewController.swift in Sources */,
				DFDB647827D91D40000B6D2E /* APIImage.swift in Sources */,
				DF0598AE27CD4ACB00A62E7D /* ProfileViewController.swift in Sources */,
				DF05989F27CD495E00A62E7D /* TabBarViewController.swift in Sources */,
				DF05988927CD45F900A62E7D /* HomeViewController.swift in Sources */,
				DF0598BA27CD4BEB00A62E7D /* HapticsManager.swift in Sources */,
				DFBBBEC727D00AF000872960 /* AuthResponse.swift in Sources */,
				DFDB647427D91B23000B6D2E /* NewReleasesResponse.swift in Sources */,
				DF686B9C27DBD92000B8C8AC /* RecommendationsResponse.swift in Sources */,
				DF0598BE27CD4C2100A62E7D /* AudioTrack.swift in Sources */,
				DF16653227CE908D0034EF4A /* Extension.swift in Sources */,
				DF7C365027DCBBE90011D1A2 /* NewReleaseCollectionViewCell.swift in Sources */,
				DF0598A827CD4A7300A62E7D /* AuthViewController.swift in Sources */,
				DF05988527CD45F900A62E7D /* AppDelegate.swift in Sources */,
				DF0598A327CD49E300A62E7D /* LibraryViewController.swift in Sources */,
				DF0598C227CD4C4F00A62E7D /* UserProfile.swift in Sources */,
				DF0598B227CD4AF600A62E7D /* PlaylistViewController.swift in Sources */,
				DF0598C027CD4C3A00A62E7D /* Artist.swift in Sources */,
				DF14C5F927D778BF0028A2AA /* SettingsModels.swift in Sources */,
				DF05988727CD45F900A62E7D /* SceneDelegate.swift in Sources */,
				DF0598B027CD4AE000A62E7D /* PlayerViewController.swift in Sources */,
				DF7C365227DCBC170011D1A2 /* FeaturedPlaylistsCollectionViewCell.swift in Sources */,
				DF0598B427CD4B1600A62E7D /* SearchResultsViewController.swift in Sources */,
				DF61E8AA27E0E35B00238FEC /* AlbumDetailsResponse.swift in Sources */,
				DF0598B827CD4BBE00A62E7D /* APICaller.swift in Sources */,
				DFDB647A27D922E5000B6D2E /* FeaturedPlaylistsResponse.swift in Sources */,
				DF0598AC27CD4AB000A62E7D /* SettingsViewController.swift in Sources */,
				DFAEC06727D9328400290563 /* RecommendedGenresResponse.swift in Sources */,
			);
			runOnlyForDeploymentPostprocessing = 0;
		};
/* End PBXSourcesBuildPhase section */

/* Begin PBXVariantGroup section */
		DF05988F27CD45F900A62E7D /* LaunchScreen.storyboard */ = {
			isa = PBXVariantGroup;
			children = (
				DF05989027CD45F900A62E7D /* Base */,
			);
			name = LaunchScreen.storyboard;
			sourceTree = "<group>";
		};
/* End PBXVariantGroup section */

/* Begin XCBuildConfiguration section */
		DF05989327CD45F900A62E7D /* Debug */ = {
			isa = XCBuildConfiguration;
			buildSettings = {
				ALWAYS_SEARCH_USER_PATHS = NO;
				CLANG_ANALYZER_NONNULL = YES;
				CLANG_ANALYZER_NUMBER_OBJECT_CONVERSION = YES_AGGRESSIVE;
				CLANG_CXX_LANGUAGE_STANDARD = "gnu++17";
				CLANG_CXX_LIBRARY = "libc++";
				CLANG_ENABLE_MODULES = YES;
				CLANG_ENABLE_OBJC_ARC = YES;
				CLANG_ENABLE_OBJC_WEAK = YES;
				CLANG_WARN_BLOCK_CAPTURE_AUTORELEASING = YES;
				CLANG_WARN_BOOL_CONVERSION = YES;
				CLANG_WARN_COMMA = YES;
				CLANG_WARN_CONSTANT_CONVERSION = YES;
				CLANG_WARN_DEPRECATED_OBJC_IMPLEMENTATIONS = YES;
				CLANG_WARN_DIRECT_OBJC_ISA_USAGE = YES_ERROR;
				CLANG_WARN_DOCUMENTATION_COMMENTS = YES;
				CLANG_WARN_EMPTY_BODY = YES;
				CLANG_WARN_ENUM_CONVERSION = YES;
				CLANG_WARN_INFINITE_RECURSION = YES;
				CLANG_WARN_INT_CONVERSION = YES;
				CLANG_WARN_NON_LITERAL_NULL_CONVERSION = YES;
				CLANG_WARN_OBJC_IMPLICIT_RETAIN_SELF = YES;
				CLANG_WARN_OBJC_LITERAL_CONVERSION = YES;
				CLANG_WARN_OBJC_ROOT_CLASS = YES_ERROR;
				CLANG_WARN_QUOTED_INCLUDE_IN_FRAMEWORK_HEADER = YES;
				CLANG_WARN_RANGE_LOOP_ANALYSIS = YES;
				CLANG_WARN_STRICT_PROTOTYPES = YES;
				CLANG_WARN_SUSPICIOUS_MOVE = YES;
				CLANG_WARN_UNGUARDED_AVAILABILITY = YES_AGGRESSIVE;
				CLANG_WARN_UNREACHABLE_CODE = YES;
				CLANG_WARN__DUPLICATE_METHOD_MATCH = YES;
				COPY_PHASE_STRIP = NO;
				DEBUG_INFORMATION_FORMAT = dwarf;
				ENABLE_STRICT_OBJC_MSGSEND = YES;
				ENABLE_TESTABILITY = YES;
				GCC_C_LANGUAGE_STANDARD = gnu11;
				GCC_DYNAMIC_NO_PIC = NO;
				GCC_NO_COMMON_BLOCKS = YES;
				GCC_OPTIMIZATION_LEVEL = 0;
				GCC_PREPROCESSOR_DEFINITIONS = (
					"DEBUG=1",
					"$(inherited)",
				);
				GCC_WARN_64_TO_32_BIT_CONVERSION = YES;
				GCC_WARN_ABOUT_RETURN_TYPE = YES_ERROR;
				GCC_WARN_UNDECLARED_SELECTOR = YES;
				GCC_WARN_UNINITIALIZED_AUTOS = YES_AGGRESSIVE;
				GCC_WARN_UNUSED_FUNCTION = YES;
				GCC_WARN_UNUSED_VARIABLE = YES;
				IPHONEOS_DEPLOYMENT_TARGET = 15.2;
				MTL_ENABLE_DEBUG_INFO = INCLUDE_SOURCE;
				MTL_FAST_MATH = YES;
				ONLY_ACTIVE_ARCH = YES;
				SDKROOT = iphoneos;
				SWIFT_ACTIVE_COMPILATION_CONDITIONS = DEBUG;
				SWIFT_OPTIMIZATION_LEVEL = "-Onone";
			};
			name = Debug;
		};
		DF05989427CD45F900A62E7D /* Release */ = {
			isa = XCBuildConfiguration;
			buildSettings = {
				ALWAYS_SEARCH_USER_PATHS = NO;
				CLANG_ANALYZER_NONNULL = YES;
				CLANG_ANALYZER_NUMBER_OBJECT_CONVERSION = YES_AGGRESSIVE;
				CLANG_CXX_LANGUAGE_STANDARD = "gnu++17";
				CLANG_CXX_LIBRARY = "libc++";
				CLANG_ENABLE_MODULES = YES;
				CLANG_ENABLE_OBJC_ARC = YES;
				CLANG_ENABLE_OBJC_WEAK = YES;
				CLANG_WARN_BLOCK_CAPTURE_AUTORELEASING = YES;
				CLANG_WARN_BOOL_CONVERSION = YES;
				CLANG_WARN_COMMA = YES;
				CLANG_WARN_CONSTANT_CONVERSION = YES;
				CLANG_WARN_DEPRECATED_OBJC_IMPLEMENTATIONS = YES;
				CLANG_WARN_DIRECT_OBJC_ISA_USAGE = YES_ERROR;
				CLANG_WARN_DOCUMENTATION_COMMENTS = YES;
				CLANG_WARN_EMPTY_BODY = YES;
				CLANG_WARN_ENUM_CONVERSION = YES;
				CLANG_WARN_INFINITE_RECURSION = YES;
				CLANG_WARN_INT_CONVERSION = YES;
				CLANG_WARN_NON_LITERAL_NULL_CONVERSION = YES;
				CLANG_WARN_OBJC_IMPLICIT_RETAIN_SELF = YES;
				CLANG_WARN_OBJC_LITERAL_CONVERSION = YES;
				CLANG_WARN_OBJC_ROOT_CLASS = YES_ERROR;
				CLANG_WARN_QUOTED_INCLUDE_IN_FRAMEWORK_HEADER = YES;
				CLANG_WARN_RANGE_LOOP_ANALYSIS = YES;
				CLANG_WARN_STRICT_PROTOTYPES = YES;
				CLANG_WARN_SUSPICIOUS_MOVE = YES;
				CLANG_WARN_UNGUARDED_AVAILABILITY = YES_AGGRESSIVE;
				CLANG_WARN_UNREACHABLE_CODE = YES;
				CLANG_WARN__DUPLICATE_METHOD_MATCH = YES;
				COPY_PHASE_STRIP = NO;
				DEBUG_INFORMATION_FORMAT = "dwarf-with-dsym";
				ENABLE_NS_ASSERTIONS = NO;
				ENABLE_STRICT_OBJC_MSGSEND = YES;
				GCC_C_LANGUAGE_STANDARD = gnu11;
				GCC_NO_COMMON_BLOCKS = YES;
				GCC_WARN_64_TO_32_BIT_CONVERSION = YES;
				GCC_WARN_ABOUT_RETURN_TYPE = YES_ERROR;
				GCC_WARN_UNDECLARED_SELECTOR = YES;
				GCC_WARN_UNINITIALIZED_AUTOS = YES_AGGRESSIVE;
				GCC_WARN_UNUSED_FUNCTION = YES;
				GCC_WARN_UNUSED_VARIABLE = YES;
				IPHONEOS_DEPLOYMENT_TARGET = 15.2;
				MTL_ENABLE_DEBUG_INFO = NO;
				MTL_FAST_MATH = YES;
				SDKROOT = iphoneos;
				SWIFT_COMPILATION_MODE = wholemodule;
				SWIFT_OPTIMIZATION_LEVEL = "-O";
				VALIDATE_PRODUCT = YES;
			};
			name = Release;
		};
		DF05989627CD45F900A62E7D /* Debug */ = {
			isa = XCBuildConfiguration;
			baseConfigurationReference = 9072F47EA43EA064BFFC0C3C /* Pods-Spotify.debug.xcconfig */;
			buildSettings = {
				ASSETCATALOG_COMPILER_APPICON_NAME = AppIcon;
				ASSETCATALOG_COMPILER_GLOBAL_ACCENT_COLOR_NAME = AccentColor;
				CODE_SIGN_STYLE = Automatic;
				CURRENT_PROJECT_VERSION = 1;
				DEVELOPMENT_TEAM = UNQVQM5ZA2;
				GENERATE_INFOPLIST_FILE = YES;
				INFOPLIST_FILE = Spotify/Info.plist;
				INFOPLIST_KEY_UIApplicationSupportsIndirectInputEvents = YES;
				INFOPLIST_KEY_UILaunchStoryboardName = LaunchScreen;
				INFOPLIST_KEY_UISupportedInterfaceOrientations = UIInterfaceOrientationPortrait;
				INFOPLIST_KEY_UISupportedInterfaceOrientations_iPad = "UIInterfaceOrientationPortrait UIInterfaceOrientationPortraitUpsideDown UIInterfaceOrientationLandscapeLeft UIInterfaceOrientationLandscapeRight";
				INFOPLIST_KEY_UISupportedInterfaceOrientations_iPhone = "UIInterfaceOrientationPortrait UIInterfaceOrientationLandscapeLeft UIInterfaceOrientationLandscapeRight";
				LD_RUNPATH_SEARCH_PATHS = (
					"$(inherited)",
					"@executable_path/Frameworks",
				);
				MARKETING_VERSION = 1.0;
				PRODUCT_BUNDLE_IDENTIFIER = Practice.Spotify;
				PRODUCT_NAME = "$(TARGET_NAME)";
				SWIFT_EMIT_LOC_STRINGS = YES;
				SWIFT_VERSION = 5.0;
				TARGETED_DEVICE_FAMILY = "1,2";
			};
			name = Debug;
		};
		DF05989727CD45F900A62E7D /* Release */ = {
			isa = XCBuildConfiguration;
			baseConfigurationReference = BF450E9135CD29610DAE9EE6 /* Pods-Spotify.release.xcconfig */;
			buildSettings = {
				ASSETCATALOG_COMPILER_APPICON_NAME = AppIcon;
				ASSETCATALOG_COMPILER_GLOBAL_ACCENT_COLOR_NAME = AccentColor;
				CODE_SIGN_STYLE = Automatic;
				CURRENT_PROJECT_VERSION = 1;
				DEVELOPMENT_TEAM = UNQVQM5ZA2;
				GENERATE_INFOPLIST_FILE = YES;
				INFOPLIST_FILE = Spotify/Info.plist;
				INFOPLIST_KEY_UIApplicationSupportsIndirectInputEvents = YES;
				INFOPLIST_KEY_UILaunchStoryboardName = LaunchScreen;
				INFOPLIST_KEY_UISupportedInterfaceOrientations = UIInterfaceOrientationPortrait;
				INFOPLIST_KEY_UISupportedInterfaceOrientations_iPad = "UIInterfaceOrientationPortrait UIInterfaceOrientationPortraitUpsideDown UIInterfaceOrientationLandscapeLeft UIInterfaceOrientationLandscapeRight";
				INFOPLIST_KEY_UISupportedInterfaceOrientations_iPhone = "UIInterfaceOrientationPortrait UIInterfaceOrientationLandscapeLeft UIInterfaceOrientationLandscapeRight";
				LD_RUNPATH_SEARCH_PATHS = (
					"$(inherited)",
					"@executable_path/Frameworks",
				);
				MARKETING_VERSION = 1.0;
				PRODUCT_BUNDLE_IDENTIFIER = Practice.Spotify;
				PRODUCT_NAME = "$(TARGET_NAME)";
				SWIFT_EMIT_LOC_STRINGS = YES;
				SWIFT_VERSION = 5.0;
				TARGETED_DEVICE_FAMILY = "1,2";
			};
			name = Release;
		};
/* End XCBuildConfiguration section */

/* Begin XCConfigurationList section */
		DF05987C27CD45F800A62E7D /* Build configuration list for PBXProject "Spotify" */ = {
			isa = XCConfigurationList;
			buildConfigurations = (
				DF05989327CD45F900A62E7D /* Debug */,
				DF05989427CD45F900A62E7D /* Release */,
			);
			defaultConfigurationIsVisible = 0;
			defaultConfigurationName = Release;
		};
		DF05989527CD45F900A62E7D /* Build configuration list for PBXNativeTarget "Spotify" */ = {
			isa = XCConfigurationList;
			buildConfigurations = (
				DF05989627CD45F900A62E7D /* Debug */,
				DF05989727CD45F900A62E7D /* Release */,
			);
			defaultConfigurationIsVisible = 0;
			defaultConfigurationName = Release;
		};
/* End XCConfigurationList section */
	};
	rootObject = DF05987927CD45F800A62E7D /* Project object */;
}
